
Microsoft Visual Studio Solution File, Format Version 12.00
# Visual Studio Version 16
VisualStudioVersion = 16.0.30907.101
MinimumVisualStudioVersion = 10.0.40219.1
Project("{FAE04EC0-301F-11D3-BF4B-00C04F79EFBC}") = "Calculator", "Calculator\Calculator.csproj", "{52FDB712-2225-4F45-B769-D88727D7059D}"
EndProject
Global
	GlobalSection(SolutionConfigurationPlatforms) = preSolution
		Debug|Any CPU = Debug|Any CPU
		Release|Any CPU = Release|Any CPU
	EndGlobalSection
	GlobalSection(ProjectConfigurationPlatforms) = postSolution
		{52FDB712-2225-4F45-B769-D88727D7059D}.Debug|Any CPU.ActiveCfg = Debug|Any CPU
		{52FDB712-2225-4F45-B769-D88727D7059D}.Debug|Any CPU.Build.0 = Debug|Any CPU
		{52FDB712-2225-4F45-B769-D88727D7059D}.Release|Any CPU.ActiveCfg = Release|Any CPU
		{52FDB712-2225-4F45-B769-D88727D7059D}.Release|Any CPU.Build.0 = Release|Any CPU
	EndGlobalSection
	GlobalSection(SolutionProperties) = preSolution
		HideSolutionNode = FALSE
	EndGlobalSection
	GlobalSection(ExtensibilityGlobals) = postSolution
		SolutionGuid = {4FF39EEF-EA3F-40CB-8707-331BD58ACFFF}
	EndGlobalSection
EndGlobal
